
Microsoft Visual Studio Solution File, Format Version 12.00
# Visual Studio Version 17
VisualStudioVersion = 17.9.34607.119
MinimumVisualStudioVersion = 10.0.40219.1
Project("{FAE04EC0-301F-11D3-BF4B-00C04F79EFBC}") = "C# heromaker 10", "C# heromaker 10\C# heromaker 10.csproj", "{3F0425DE-1D36-4FC8-A76E-333804003C3A}"
EndProject
Global
	GlobalSection(SolutionConfigurationPlatforms) = preSolution
		Debug|Any CPU = Debug|Any CPU
		Release|Any CPU = Release|Any CPU
	EndGlobalSection
	GlobalSection(ProjectConfigurationPlatforms) = postSolution
		{3F0425DE-1D36-4FC8-A76E-333804003C3A}.Debug|Any CPU.ActiveCfg = Debug|Any CPU
		{3F0425DE-1D36-4FC8-A76E-333804003C3A}.Debug|Any CPU.Build.0 = Debug|Any CPU
		{3F0425DE-1D36-4FC8-A76E-333804003C3A}.Release|Any CPU.ActiveCfg = Release|Any CPU
		{3F0425DE-1D36-4FC8-A76E-333804003C3A}.Release|Any CPU.Build.0 = Release|Any CPU
	EndGlobalSection
	GlobalSection(SolutionProperties) = preSolution
		HideSolutionNode = FALSE
	EndGlobalSection
	GlobalSection(ExtensibilityGlobals) = postSolution
		SolutionGuid = {2D51F838-ECC5-4965-9D7E-63EBB895BBAE}
	EndGlobalSection
EndGlobal
